
Microsoft Visual Studio Solution File, Format Version 11.00
# Visual Studio 2010
Project("{FAE04EC0-301F-11D3-BF4B-00C04F79EFBC}") = "Assembly-CSharp", "Assembly-CSharp.csproj", "{0d0d11d6-81d7-affe-8bb9-6e30d5633e0c}"
EndProject
Project("{FAE04EC0-301F-11D3-BF4B-00C04F79EFBC}") = "Assembly-CSharp-firstpass", "Assembly-CSharp-firstpass.csproj", "{ff209019-a0c4-4fbf-c976-4c90d65a6f94}"
EndProject
Global
	GlobalSection(SolutionConfigurationPlatforms) = preSolution
		Debug|Any CPU = Debug|Any CPU
		Release|Any CPU = Release|Any CPU
	EndGlobalSection
	GlobalSection(ProjectConfigurationPlatforms) = postSolution
		{0d0d11d6-81d7-affe-8bb9-6e30d5633e0c}.Debug|Any CPU.ActiveCfg = Debug|Any CPU
		{0d0d11d6-81d7-affe-8bb9-6e30d5633e0c}.Debug|Any CPU.Build.0 = Debug|Any CPU
		{0d0d11d6-81d7-affe-8bb9-6e30d5633e0c}.Release|Any CPU.ActiveCfg = Release|Any CPU
		{0d0d11d6-81d7-affe-8bb9-6e30d5633e0c}.Release|Any CPU.Build.0 = Release|Any CPU
		{ff209019-a0c4-4fbf-c976-4c90d65a6f94}.Debug|Any CPU.ActiveCfg = Debug|Any CPU
		{ff209019-a0c4-4fbf-c976-4c90d65a6f94}.Debug|Any CPU.Build.0 = Debug|Any CPU
		{ff209019-a0c4-4fbf-c976-4c90d65a6f94}.Release|Any CPU.ActiveCfg = Release|Any CPU
		{ff209019-a0c4-4fbf-c976-4c90d65a6f94}.Release|Any CPU.Build.0 = Release|Any CPU
	EndGlobalSection
	GlobalSection(SolutionProperties) = preSolution
		HideSolutionNode = FALSE
	EndGlobalSection
EndGlobal
